{
  "name": "pareto-fountain-pen-file-structure",
  "version": "0.1.21",
  "lockfileVersion": 3,
  "requires": true,
  "packages": {
    "": {
      "name": "pareto-fountain-pen-file-structure",
      "version": "0.1.21",
      "license": "Apache-2.0",
      "dependencies": {
        "pareto-resources": "^0.2.0"
      },
      "engines": {
        "node": ">=14.0.0"
      }
    },
    "node_modules/astn-core": {
      "version": "0.5.103",
      "resolved": "https://registry.npmjs.org/astn-core/-/astn-core-0.5.103.tgz",
      "integrity": "sha512-ca4ipwzY+Lad3TghBNeprQZIpwvA0YVGSZYQdpPtvVifm/QT6LpCXCxUyFmo0PJCtNVKledp5nt5OOAGgZexFQ==",
      "license": "Apache-2.0",
      "dependencies": {
        "pareto-fountain-pen": "^0.4.0"
      }
    },
    "node_modules/liana-core": {
      "version": "0.1.23",
      "resolved": "https://registry.npmjs.org/liana-core/-/liana-core-0.1.23.tgz",
      "integrity": "sha512-7zLHRECBR4mHeCCHoEk9VXNB25CuMsvKm/EiGrtoMD6IKHAdWS6XdGXGcIjXq8X+nAoN3k9UOohBhx4Isy8ttA==",
      "license": "Apache-2.0",
      "dependencies": {
        "astn-core": "^0.5.0",
        "pareto-core": "^0.1.0"
      }
    },
    "node_modules/pareto-core": {
      "version": "0.1.127",
      "resolved": "https://registry.npmjs.org/pareto-core/-/pareto-core-0.1.127.tgz",
      "integrity": "sha512-XsJy3NkDg/TDjKE1olN+iB3/w7FILO3lV1Z3re8w5bXWJtNV6gYE1A4iKSUG2DRcFMdr1K1iLwP1FfvHed5fxA==",
      "license": "Apache-2.0"
    },
    "node_modules/pareto-core-dev": {
      "version": "0.12.17",
      "resolved": "https://registry.npmjs.org/pareto-core-dev/-/pareto-core-dev-0.12.17.tgz",
      "integrity": "sha512-8pXzrIu3dvfkKXsNnc8F3FmG7nfvX8IrKfWzUNe4/QRMrD+MzbCv/WcdCi/U0kuaFbfR5ad2U5I1YZy9vH/H0Q==",
      "license": "Apache-2.0",
      "dependencies": {
        "pareto-core": "^0.1.0"
      }
    },
    "node_modules/pareto-core-shorthands": {
      "version": "0.2.36",
      "resolved": "https://registry.npmjs.org/pareto-core-shorthands/-/pareto-core-shorthands-0.2.36.tgz",
      "integrity": "sha512-g8W0nMee3wdd2FVzPTXaJhxhN3e+j48y0zoCPfLRhCNtnMzJ0YfdvJl2UPLTuvzrcDDUSflHDcGqyMR8iDvVug==",
      "license": "Apache-2.0",
      "dependencies": {
        "liana-core": "^0.1.0",
        "pareto-core": "^0.1.0"
      }
    },
    "node_modules/pareto-fountain-pen": {
      "version": "0.4.58",
      "resolved": "https://registry.npmjs.org/pareto-fountain-pen/-/pareto-fountain-pen-0.4.58.tgz",
      "integrity": "sha512-pc3gQ9HNoTp4nx9C4JxT8QlDQybBKepuOipMHZuWx5QkbhrgJXiU6vfCjRk3mkrm2OaK0JJbqy9gTg9yw8IYjg==",
      "license": "Apache-2.0",
      "dependencies": {
        "pareto-core": "^0.1.0",
        "pareto-core-shorthands": "^0.2.0"
      },
      "engines": {
        "node": ">=14.0.0"
      }
    },
    "node_modules/pareto-resources": {
      "version": "0.2.103",
      "resolved": "https://registry.npmjs.org/pareto-resources/-/pareto-resources-0.2.103.tgz",
      "integrity": "sha512-ZwuoZkmP1+fV1JXnbgRIRnOeMnvv+GIrQbXjWAwMYSj17Q/V7ntemu45bHxP6ITCsc+SWxS1nqeQerk3PWM3vA==",
      "license": "Apache-2.0",
      "dependencies": {
        "liana-core": "^0.1.0",
        "pareto-core-dev": "^0.12.0",
        "pareto-fountain-pen": "^0.4.0"
      }
    }
  }
}
