{
  "name": "pareto-fountain-pen-file-structure",
  "version": "0.1.40",
  "lockfileVersion": 3,
  "requires": true,
  "packages": {
    "": {
      "name": "pareto-fountain-pen-file-structure",
      "version": "0.1.40",
      "license": "Apache-2.0",
      "dependencies": {
        "pareto-core": "^0.1.0",
        "pareto-core-shorthands": "^0.2.0",
        "pareto-filesystem-unrestricted-api": "^0.1.0",
        "pareto-fountain-pen": "^0.4.0"
      },
      "engines": {
        "node": ">=14.0.0"
      }
    },
    "node_modules/pareto-core": {
      "version": "0.1.279",
      "resolved": "https://registry.npmjs.org/pareto-core/-/pareto-core-0.1.279.tgz",
      "integrity": "sha512-AGkMPc3ZSH0TZvRL/KO9DW6reWNtJU+u+BAbsqd0Cr5ynqVWuP8545Bfayo6HFdTdaYzMi3a44ZVnUXs4wTApw==",
      "license": "Apache-2.0"
    },
    "node_modules/pareto-core-shorthands": {
      "version": "0.2.61",
      "resolved": "https://registry.npmjs.org/pareto-core-shorthands/-/pareto-core-shorthands-0.2.61.tgz",
      "integrity": "sha512-dCPj+lF9rBzFYc94/Hd27cHzki7pYixB/UgoznIGkf3Eay8Ydv6yMTLEnMZ9aMfSaEjiwJFXkg21zijCI0R2ww==",
      "license": "Apache-2.0",
      "dependencies": {
        "pareto-core": "^0.1.0"
      }
    },
    "node_modules/pareto-filesystem-unrestricted-api": {
      "version": "0.1.15",
      "resolved": "https://registry.npmjs.org/pareto-filesystem-unrestricted-api/-/pareto-filesystem-unrestricted-api-0.1.15.tgz",
      "integrity": "sha512-8qHluP66kFPCJIu/HJykvqU/dmdJOIrvcYU+ftj0fMAUFeNx3WomBTRbk16VXAlyZjszgGJ2bFCUBNZvW59kZw==",
      "license": "Apache-2.0",
      "dependencies": {
        "pareto-core": "^0.1.0",
        "pareto-fountain-pen": "^0.4.0"
      }
    },
    "node_modules/pareto-fountain-pen": {
      "version": "0.4.99",
      "resolved": "https://registry.npmjs.org/pareto-fountain-pen/-/pareto-fountain-pen-0.4.99.tgz",
      "integrity": "sha512-1jQEZCT3mScGNSY1YlfsvbI25Y/XnMS2zL9P7Qcbd12gxW5qB7kOsBus17/kje1V2xaKbkkmaJNMY6i0Rz1cQw==",
      "license": "Apache-2.0",
      "dependencies": {
        "pareto-core": "^0.1.0",
        "pareto-core-shorthands": "^0.2.0"
      },
      "engines": {
        "node": ">=14.0.0"
      }
    }
  }
}
